github.com/aws/aws-sdk-go v1.14.27 h1:fRVME5X3sxZnctdCcabNTWZq7ZGrpVgUAYk4OA5EG0A=
github.com/aws/aws-sdk-go v1.14.27/go.mod h1:ZRmQr0FajVIyZ4ZzBYKG5P3ZqPz9IHG41ZoMu1ADI3k=
github.com/go-ini/ini v1.37.0 h1:/FpMfveJbc7ExTTDgT5nL9Vw+aZdst/c2dOxC931U+M=
github.com/go-ini/ini v1.37.0/go.mod h1:ByCAeIL28uOIIG0E3PJtZPDL8WnHpFKFOtgjp+3Ies8=
github.com/jmespath/go-jmespath v0.0.0-20160202185014-0b12d6b521d8 h1:12VvqtR6Aowv3l/EQUlocDHW2Cp4G9WJVH7uyH8QFJE=
github.com/jmespath/go-jmespath v0.0.0-20160202185014-0b12d6b521d8/go.mod h1:Nht3zPeWKUH0NzdCt2Blrr5ys8VGpn0CEB0cQHVjt7k=
github.com/lighttiger2505/s3tf v0.0.0-20180927070913-b4b5453b9a80 h1:D+Vn3j2Bd3gLu9jSR/rFbtPcJgspeikVuB4Zpa7syws=
github.com/lighttiger2505/s3tf v0.0.0-20180927070913-b4b5453b9a80/go.mod h1:h9Iu85z8sGGKROE/j1orq2Pyebnj/8V57kwhKh4naro=
github.com/mattn/go-runewidth v0.0.2 h1:UnlwIPBGaTZfPQ6T1IGzPI0EkYAQmT9fAEJ/poFC63o=
github.com/mattn/go-runewidth v0.0.2/go.mod h1:LwmH8dsx7+W8Uxz3IHJYH5QSwggIsqBzpuz5H//U1FU=
github.com/mitchellh/go-homedir v0.0.0-20180523094522-3864e76763d9 h1:Y94YB7jrsihrbGSqRNMwRWJ2/dCxr0hdC2oPRohkx0A=
github.com/mitchellh/go-homedir v0.0.0-20180523094522-3864e76763d9/go.mod h1:SfyaCUpYCn1Vlf4IUYiD9fPX4A5wJrkLzIz1N1q0pr0=
github.com/nsf/termbox-go v0.0.0-20180613055208-5c94acc5e6eb h1:YahEjAGkJtCrkqgVHhX6n8ZX+CZ3hDRL9fjLYugLfSs=
github.com/nsf/termbox-go v0.0.0-20180613055208-5c94acc5e6eb/go.mod h1:IuKpRQcYE1Tfu+oAQqaLisqDeXgjyyltCfsaoYN18NQ=
github.com/urfave/cli v1.20.0 h1:fDqGv3UG/4jbVl/QkFwEdddtEDjh/5Ov6X+0B/3bPaw=
github.com/urfave/cli v1.20.0/go.mod h1:70zkFmudgCuE/ngEzBv17Jvp/497gISqfk5gWijbERA=
gopkg.in/check.v1 v0.0.0-20161208181325-20d25e280405/go.mod h1:Co6ibVJAznAaIkqp8huTwlJQCZ016jof/cbN4VW5Yz0=
gopkg.in/yaml.v2 v2.4.0 h1:D8xgwECY7CYvx+Y2n4sBz93Jn9JRvxdiyyo8CTfuKaY=
gopkg.in/yaml.v2 v2.4.0/go.mod h1:RDklbk79AGWmwhnvt/jBztapEOGDOx6ZbXqjP6csGnQ=
